version = 1
revision = 1
requires-python = ">=3.11, <3.13"

[[package]]
name = "annotated-types"
version = "0.7.0"
source = { registry = "https://pypi.org/simple" }
sdist = { url = "https://files.pythonhosted.org/packages/ee/67/531ea369ba64dcff5ec9c3402f9f51bf748cec26dde048a2f973a4eea7f5/annotated_types-0.7.0.tar.gz", hash = "sha256:aff07c09a53a08bc8cfccb9c85b05f1aa9a2a6f23728d790723543408344ce89", size = 16081 }
wheels = [
    { url = "https://files.pythonhosted.org/packages/78/b6/6307fbef88d9b5ee7421e68d78a9f162e0da4900bc5f5793f6d3d0e34fb8/annotated_types-0.7.0-py3-none-any.whl", hash = "sha256:1f02e8b43a8fbbc3f3e0d4f0f4bfc8131bcb4eebe8849b8e5c773f3a1c582a53", size = 13643 },
]

[[package]]
name = "colorama"
version = "0.4.6"
source = { registry = "https://pypi.org/simple" }
sdist = { url = "https://files.pythonhosted.org/packages/d8/53/6f443c9a4a8358a93a6792e2acffb9d9d5cb0a5cfd8802644b7b1c9a02e4/colorama-0.4.6.tar.gz", hash = "sha256:08695f5cb7ed6e0531a20572697297273c47b8cae5a63ffc6d6ed5c201be6e44", size = 27697 }
wheels = [
    { url = "https://files.pythonhosted.org/packages/d1/d6/3965ed04c63042e047cb6a3e6ed1a63a35087b6a609aa3a15ed8ac56c221/colorama-0.4.6-py2.py3-none-any.whl", hash = "sha256:4f1d9991f5acc0ca119f9d443620b77f9d6b33703e51011c16baf57afb285fc6", size = 25335 },
]

[[package]]
name = "coverage"
version = "7.15.0"
source = { registry = "https://pypi.org/simple" }
sdist = { url = "https://files.pythonhosted.org/packages/cc/8b/adeb62ea8951f13c4c7fef2e7a85e1a06b499c8d8237ea589d496029e53f/coverage-7.15.0.tar.gz", hash = "sha256:9ac3fe7a1435986463eaa8ee253ae2f2a268709ba4ae5c7dd1f52a05391ad78f", size = 925362 }
wheels = [
    { url = "https://files.pythonhosted.org/packages/ae/23/82e910835ef4b8391047025e1d53aa48d66029f444eb8b25373c849bf503/coverage-7.15.0-cp311-cp311-macosx_10_9_x86_64.whl", hash = "sha256:003fff99412ea848c0aaebcc78ed2b6ce7d8a1227ed17e68470672770b78a02a", size = 220662 },
    { url = "https://files.pythonhosted.org/packages/6d/0d/c7b213dde2f1579de5231062b386d8413f79c11667eb58c39319b25991da/coverage-7.15.0-cp311-cp311-macosx_11_0_arm64.whl", hash = "sha256:5cbd804bf2784ce7b45114516050f346ecd50f960c4bb630a7ee9e1d78fa2118", size = 221168 },
    { url = "https://files.pythonhosted.org/packages/33/77/d000aeedfac085088337b3c7becdad328474b1f8a9e4c9368a0c99605d68/coverage-7.15.0-cp311-cp311-manylinux1_i686.manylinux_2_28_i686.manylinux_2_5_i686.whl", hash = "sha256:8773e15c23305b58882a4611fb9b2755977eae0dc2e515366a1b6c98866cc4c2", size = 251587 },
    { url = "https://files.pythonhosted.org/packages/cc/e0/86787c56b9df17afd370d5e293515dd4d9a107a561d13054873eefad8ecc/coverage-7.15.0-cp311-cp311-manylinux1_x86_64.manylinux_2_28_x86_64.manylinux_2_5_x86_64.whl", hash = "sha256:f50e40081494c1dc4239ebb202014cbcc3306ea96fb6302a34c8cc0967fc5ae8", size = 253497 },
    { url = "https://files.pythonhosted.org/packages/3f/02/181bc917359299c07dead6270f94e411151c8b60cec905c33499da69afe6/coverage-7.15.0-cp311-cp311-manylinux2014_aarch64.manylinux_2_17_aarch64.manylinux_2_28_aarch64.whl", hash = "sha256:daf96f37f5fc3a7b6c6da862eb4aee61c426bd63da236ed4a73ef0e503b4bca5", size = 255607 },
    { url = "https://files.pythonhosted.org/packages/b9/35/ca5e7427699913da6788c4f910e73ab16c5f4b59ec5d3a999dce2a45112f/coverage-7.15.0-cp311-cp311-manylinux2014_ppc64le.manylinux_2_17_ppc64le.manylinux_2_28_ppc64le.whl", hash = "sha256:51aa20f6ae2788fd197747766edf4cd8234fd9423309b934257fa6b21a592723", size = 257563 },
    { url = "https://files.pythonhosted.org/packages/0b/4d/b8220bacc2fc3c4e9078e27c32e99fb411479a4718a72bdd00036a9891c8/coverage-7.15.0-cp311-cp311-manylinux_2_31_riscv64.manylinux_2_39_riscv64.whl", hash = "sha256:03d1f922757662eb7af586e77834792274cff776bc7b1d1a0b66a49ea9d84735", size = 251726 },
    { url = "https://files.pythonhosted.org/packages/c4/e4/2e145da1991d72189b9c3cf7eca05c716ee7080d099aaea6757cfc7df008/coverage-7.15.0-cp311-cp311-musllinux_1_2_aarch64.whl", hash = "sha256:a6d6acc9a7666245e6133dd15144ca038a85a9cd5026bb06d6bbae9e77440dc9", size = 253301 },
    { url = "https://files.pythonhosted.org/packages/72/28/d2c841d698bf762e481f08bd4839d370246b6d9b61dab085a7b20b201a08/coverage-7.15.0-cp311-cp311-musllinux_1_2_i686.whl", hash = "sha256:1ac2c4c27c7df851dc9a017c2d7de00b69147e84ba3d96f37a530b0b6fb51035", size = 251361 },
    { url = "https://files.pythonhosted.org/packages/9d/ed/55d9ffde994fba3897c0c783f77a7d053b0c18787f6892ed5b0aed73f469/coverage-7.15.0-cp311-cp311-musllinux_1_2_ppc64le.whl", hash = "sha256:b761a1d504fd4bd1f20f418753964dca9f5862a511fc854dac58296b3b223671", size = 255129 },
    { url = "https://files.pythonhosted.org/packages/1d/c0/ecbf33b8c460ea2718aeb813e2df8140d0370e5f67261c31524ceb0a2a8d/coverage-7.15.0-cp311-cp311-musllinux_1_2_riscv64.whl", hash = "sha256:e43b045e11c16e897895758ae90e4a90cf99e93d58549e2f90c0e2272e155695", size = 251081 },
    { url = "https://files.pythonhosted.org/packages/a9/de/fb87b4261f54448dd2b9504ef19a58be42cef0d9520595fbfe1219b15234/coverage-7.15.0-cp311-cp311-musllinux_1_2_x86_64.whl", hash = "sha256:589b54513e901739f4b4582c705ce96b80c96f57641b1464607e2367a270e540", size = 251988 },
    { url = "https://files.pythonhosted.org/packages/df/27/3494d5f291b9a4cb868f73c11221a8bd2d5bd761a8f9acea61ff57128dd1/coverage-7.15.0-cp311-cp311-win32.whl", hash = "sha256:106781b8482749162d0b47056937ba0933508e5d9447f65a5e7d5c422f0d6bb4", size = 222754 },
    { url = "https://files.pythonhosted.org/packages/2a/ee/cd4847ebc9be6a9c0123d763645a6f1f3be6b8c58c962706368b79cbac07/coverage-7.15.0-cp311-cp311-win_amd64.whl", hash = "sha256:821e92b3631d762a339695824cadbbc73020354eba2a23a551a99ad34938fbe6", size = 223225 },
    { url = "https://files.pythonhosted.org/packages/57/37/5011581aa7f2be498b97dcc7c9902192442a42f4f9a748aeadb3d6506b42/coverage-7.15.0-cp311-cp311-win_arm64.whl", hash = "sha256:309990eb5fb8014b9f67cb211f7fd41876ec8a88a88d3ae76de0ed1d611e3640", size = 222774 },
    { url = "https://files.pythonhosted.org/packages/2a/74/fd4c0901137c4f8d81a76ada99e43c65163b4c94a02ece107a4ec0c6b615/coverage-7.15.0-cp312-cp312-macosx_10_13_x86_64.whl", hash = "sha256:b75ee5e8cb7575636ac598719b4307ac529ec8fcd79608a35c3cd4d4dada812d", size = 220838 },
    { url = "https://files.pythonhosted.org/packages/0f/2e/2347583467bd7f0402635101a916961915cc68fce652cd0db5f173ea04fc/coverage-7.15.0-cp312-cp312-macosx_11_0_arm64.whl", hash = "sha256:ffb31267816b93b075302248cc1737506081b4f163df4401e9df1a6424aafabe", size = 221197 },
    { url = "https://files.pythonhosted.org/packages/f0/17/99fa688541ae1d6e84543a0e544f83de0c944815b63e9e7b1ed411d15036/coverage-7.15.0-cp312-cp312-manylinux1_i686.manylinux_2_28_i686.manylinux_2_5_i686.whl", hash = "sha256:e4d0bb73455bf97ab243a8f12c37c686ccf1c13bb614b7b85f1d062f06f42b2c", size = 252705 },
    { url = "https://files.pythonhosted.org/packages/fb/02/6a95a5cd83b74839017ef9cf48d2d8c9ae60af919e17a3f336e6f9f1b7bd/coverage-7.15.0-cp312-cp312-manylinux1_x86_64.manylinux_2_28_x86_64.manylinux_2_5_x86_64.whl", hash = "sha256:20d9ccc4ebd0edc434d86dfd2a1dd2a8efa6b6b3073d0485a394fee86459ebb4", size = 255441 },
    { url = "https://files.pythonhosted.org/packages/67/f2/406f6c57d600f68185942422c4c00f1a3255d60aee6e5fd961425cd9987e/coverage-7.15.0-cp312-cp312-manylinux2014_aarch64.manylinux_2_17_aarch64.manylinux_2_28_aarch64.whl", hash = "sha256:20c8a976c365c8cb12f0cbd099508772ea41fb5fa80657a8506df0e11bd278c5", size = 256556 },
    { url = "https://files.pythonhosted.org/packages/74/8e/d3fa48489c15ecdec1ba48fd61f68798555dddd2f6716f9ad42adeb1a2a9/coverage-7.15.0-cp312-cp312-manylinux2014_ppc64le.manylinux_2_17_ppc64le.manylinux_2_28_ppc64le.whl", hash = "sha256:f948fd5ba1b9cbca91f0ae08b4c1ce2b139509149a435e2585d056d57d70bf01", size = 258815 },
    { url = "https://files.pythonhosted.org/packages/47/2e/2d40ddd110462c6a2769677cf7f1c119a52b45f568978fc6c98e4cc0dd0f/coverage-7.15.0-cp312-cp312-manylinux_2_31_riscv64.manylinux_2_39_riscv64.whl", hash = "sha256:f58185f06edf6ad68ec9fb155d63ef650c82f3fbd7e1770e2867751fb13158f4", size = 253117 },
    { url = "https://files.pythonhosted.org/packages/51/c0/310782f0d7c3cb2b5ac05ba8d205fe91f24a36f6bf3256098f1782181c38/coverage-7.15.0-cp312-cp312-musllinux_1_2_aarch64.whl", hash = "sha256:02adc79a920c73c647c5d117f55747df7f2de94571884758ce8bc58e04f0a796", size = 254475 },
    { url = "https://files.pythonhosted.org/packages/86/f7/702da6c275f8ae6ade423d2877243122932c9b27f5403003b9ef8c927d12/coverage-7.15.0-cp312-cp312-musllinux_1_2_i686.whl", hash = "sha256:6eb7c300fbed667fd6e3588eba71c1904cdb06110ca6fdf908c26bdd88b8e382", size = 252619 },
    { url = "https://files.pythonhosted.org/packages/fb/84/c5b15a7e5ecba4e56218d772d99fe80a63e63f8d11f12783723a6005ab45/coverage-7.15.0-cp312-cp312-musllinux_1_2_ppc64le.whl", hash = "sha256:b5fb23fa2de9dce1f5c36c09066d8fcda16cd96e8e26686caa2d7cb9b567d65c", size = 256689 },
    { url = "https://files.pythonhosted.org/packages/95/2f/c8b07559b57701230c61b23a953858c052890c12ef568d81780c6c46e92e/coverage-7.15.0-cp312-cp312-musllinux_1_2_riscv64.whl", hash = "sha256:cec79341dbe6281484024979976d0c7f22beae08b4a254655decd25d42cbe766", size = 252189 },
    { url = "https://files.pythonhosted.org/packages/6b/80/6d2f049dd3fd3dbfd60b62ba6b2162a04009e2c002ce70b24cf3878dec7a/coverage-7.15.0-cp312-cp312-musllinux_1_2_x86_64.whl", hash = "sha256:6c664c5444b1d970b1b2a450e21fb19ee5c9cfdf151ded2dda37260031cca0da", size = 254059 },
    { url = "https://files.pythonhosted.org/packages/ce/92/b0287a2c42031d25c628f815f89a3cd9f8268ee78bb1252c9356cda1c689/coverage-7.15.0-cp312-cp312-win32.whl", hash = "sha256:5f764a3fa339bde6b3aa97657f5a6a3a9451e4a5b4ea98a2892c773a43525f77", size = 222893 },
    { url = "https://files.pythonhosted.org/packages/a9/69/e34c481915fecb499b3146975061dac528752e37706edc1804f32c822469/coverage-7.15.0-cp312-cp312-win_amd64.whl", hash = "sha256:52f9a4d2c4c56c8848bc2f524916698354b0211488b38c49ad9ae54f6cafbff6", size = 223429 },
    { url = "https://files.pythonhosted.org/packages/fe/98/6e878f0b571d32684ef3f38d7c03db241ca5b82a5da8a5391596a8f209c4/coverage-7.15.0-cp312-cp312-win_arm64.whl", hash = "sha256:31e5c3e70c85307ea35a12964e2e40f56ca2ee4b1c8c721ccf4609d17071080b", size = 222810 },
    { url = "https://files.pythonhosted.org/packages/52/30/21b2ad45959cd50e909e02ebac1e30b4ceb7162e91c11d4c570223a458b7/coverage-7.15.0-py3-none-any.whl", hash = "sha256:56da6a4cbe8f7e9e80bd072ca9cefe67d7106a440a7ec06519ec6507ac94ad19", size = 212632 },
]

[package.optional-dependencies]
toml = [
    { name = "tomli", marker = "python_full_version <= '3.11'" },
]

[[package]]
name = "iniconfig"
version = "2.3.0"
source = { registry = "https://pypi.org/simple" }
sdist = { url = "https://files.pythonhosted.org/packages/72/34/14ca021ce8e5dfedc35312d08ba8bf51fdd999c576889fc2c24cb97f4f10/iniconfig-2.3.0.tar.gz", hash = "sha256:c76315c77db068650d49c5b56314774a7804df16fee4402c1f19d6d15d8c4730", size = 20503 }
wheels = [
    { url = "https://files.pythonhosted.org/packages/cb/b1/3846dd7f199d53cb17f49cba7e651e9ce294d8497c8c150530ed11865bb8/iniconfig-2.3.0-py3-none-any.whl", hash = "sha256:f631c04d2c48c52b84d0d0549c99ff3859c98df65b3101406327ecc7d53fbf12", size = 7484 },
]

[[package]]
name = "packaging"
version = "26.2"
source = { registry = "https://pypi.org/simple" }
sdist = { url = "https://files.pythonhosted.org/packages/d7/f1/e7a6dd94a8d4a5626c03e4e99c87f241ba9e350cd9e6d75123f992427270/packaging-26.2.tar.gz", hash = "sha256:ff452ff5a3e828ce110190feff1178bb1f2ea2281fa2075aadb987c2fb221661", size = 228134 }
wheels = [
    { url = "https://files.pythonhosted.org/packages/df/b2/87e62e8c3e2f4b32e5fe99e0b86d576da1312593b39f47d8ceef365e95ed/packaging-26.2-py3-none-any.whl", hash = "sha256:5fc45236b9446107ff2415ce77c807cee2862cb6fac22b8a73826d0693b0980e", size = 100195 },
]

[[package]]
name = "pluggy"
version = "1.6.0"
source = { registry = "https://pypi.org/simple" }
sdist = { url = "https://files.pythonhosted.org/packages/f9/e2/3e91f31a7d2b083fe6ef3fa267035b518369d9511ffab804f839851d2779/pluggy-1.6.0.tar.gz", hash = "sha256:7dcc130b76258d33b90f61b658791dede3486c3e6bfb003ee5c9bfb396dd22f3", size = 69412 }
wheels = [
    { url = "https://files.pythonhosted.org/packages/54/20/4d324d65cc6d9205fabedc306948156824eb9f0ee1633355a8f7ec5c66bf/pluggy-1.6.0-py3-none-any.whl", hash = "sha256:e920276dd6813095e9377c0bc5566d94c932c33b27a3e3945d8389c374dd4746", size = 20538 },
]

[[package]]
name = "pydantic"
version = "2.13.4"
source = { registry = "https://pypi.org/simple" }
dependencies = [
    { name = "annotated-types" },
    { name = "pydantic-core" },
    { name = "typing-extensions" },
    { name = "typing-inspection" },
]
sdist = { url = "https://files.pythonhosted.org/packages/18/a5/b60d21ac674192f8ab0ba4e9fd860690f9b4a6e51ca5df118733b487d8d6/pydantic-2.13.4.tar.gz", hash = "sha256:c40756b57adaa8b1efeeced5c196f3f3b7c435f90e84ea7f443901bec8099ef6", size = 844775 }
wheels = [
    { url = "https://files.pythonhosted.org/packages/fd/7b/122376b1fd3c62c1ed9dc80c931ace4844b3c55407b6fb2d199377c9736f/pydantic-2.13.4-py3-none-any.whl", hash = "sha256:45a282cde31d808236fd7ea9d919b128653c8b38b393d1c4ab335c62924d9aba", size = 472262 },
]

[[package]]
name = "pydantic-core"
version = "2.46.4"
source = { registry = "https://pypi.org/simple" }
dependencies = [
    { name = "typing-extensions" },
]
sdist = { url = "https://files.pythonhosted.org/packages/9d/56/921726b776ace8d8f5db44c4ef961006580d91dc52b803c489fafd1aa249/pydantic_core-2.46.4.tar.gz", hash = "sha256:62f875393d7f270851f20523dd2e29f082bcc82292d66db2b64ea71f64b6e1c1", size = 471464 }
wheels = [
    { url = "https://files.pythonhosted.org/packages/5c/fa/6d7708d2cfc1a832acb6aeb0cd16e801902df8a0f583bb3b4b527fde022e/pydantic_core-2.46.4-cp311-cp311-macosx_10_12_x86_64.whl", hash = "sha256:0e96592440881c74a213e5ad528e2b24d3d4f940de2766bed9010ab1d9e51594", size = 2111872 },
    { url = "https://files.pythonhosted.org/packages/ae/6f/aa064a3e74b5745afbdf250594f38e7ead05e2d651bcb35994b9417a0d4d/pydantic_core-2.46.4-cp311-cp311-macosx_11_0_arm64.whl", hash = "sha256:e0d65b8c354be7fb5f720c3caa8bc940bc2d20ce749c8e06135f07f8ed95dd7c", size = 1948255 },
    { url = "https://files.pythonhosted.org/packages/43/3a/41114a9f7569b84b4d84e7a018c57c56347dac30c0d4a872946ec4e36c46/pydantic_core-2.46.4-cp311-cp311-manylinux_2_17_aarch64.manylinux2014_aarch64.whl", hash = "sha256:7bfb192b3f4b9e8a89b6277b6ce787564f62cfd272055f6e685726b111dc7826", size = 1972827 },
    { url = "https://files.pythonhosted.org/packages/ef/25/1ab42e8048fe551934d9884e8d64daa7e990ad386f310a15981aeb6a5b08/pydantic_core-2.46.4-cp311-cp311-manylinux_2_17_armv7l.manylinux2014_armv7l.whl", hash = "sha256:9037063db01f09b09e237c282b6792bd4da634b5402c4e7f0c61effed7701a04", size = 2041051 },
    { url = "https://files.pythonhosted.org/packages/94/c2/1a934597ddf08da410385b3b7aae91956a5a76c635effef456074fad7e88/pydantic_core-2.46.4-cp311-cp311-manylinux_2_17_ppc64le.manylinux2014_ppc64le.whl", hash = "sha256:fc010ab034c8c7452522748bf937df58020d256ccae0874463d1f4d01758af8e", size = 2221314 },
    { url = "https://files.pythonhosted.org/packages/02/6d/9e8ad178c9c4df27ad3c8f25d1fe2a7ab0d2ba0559fad4aee5d3d1f16771/pydantic_core-2.46.4-cp311-cp311-manylinux_2_17_s390x.manylinux2014_s390x.whl", hash = "sha256:8c5dac79fa1614d1e06ca695109c6105923bd9c7d1d6c918d4e637b7e6b32fd3", size = 2285146 },
    { url = "https://files.pythonhosted.org/packages/80/50/540cd3aeefc041beb111125c4bff779831a2111fc6b15a9138cda277d32c/pydantic_core-2.46.4-cp311-cp311-manylinux_2_17_x86_64.manylinux2014_x86_64.whl", hash = "sha256:f9fa868638bf362d3d138ea55829cefb3d5f4b0d7f142234382a15e2485dbec4", size = 2089685 },
    { url = "https://files.pythonhosted.org/packages/6b/a4/b440ad35f05f6a38f89fa0f149accb3f0e02be94ca5e15f3c449a61b4bc9/pydantic_core-2.46.4-cp311-cp311-manylinux_2_31_riscv64.whl", hash = "sha256:17299feefe090f2caa5b8e37222bb5f663e4935a8bfa6931d4102e5df1a9f398", size = 2115420 },
    { url = "https://files.pythonhosted.org/packages/99/61/de4f55db8dfd57bfdfa9a12ec90fe1b57c4f41062f7ca86f08586b3e0ac0/pydantic_core-2.46.4-cp311-cp311-manylinux_2_5_i686.manylinux1_i686.whl", hash = "sha256:4c63ebc82684aa89d9a3bcbd13d515b3be44250dc68dd3bd81526c1cb31286c3", size = 2165122 },
    { url = "https://files.pythonhosted.org/packages/f7/52/7c529d7bdb2d1068bd52f51fe32572c8301f9a4febf1948f10639f1436f5/pydantic_core-2.46.4-cp311-cp311-musllinux_1_1_aarch64.whl", hash = "sha256:aaa2a54443eff1950ba5ddc6b6ccda0d9c84a364276a62f969bdf2a390650848", size = 2182573 },
    { url = "https://files.pythonhosted.org/packages/37/b3/7c40325848ba78247f2812dcf9c7274e38cd801820ca6dd9fe63bcfb0eb4/pydantic_core-2.46.4-cp311-cp311-musllinux_1_1_armv7l.whl", hash = "sha256:18e5ceec2ab67e6d5f1a9085e5a24c9c4e2ac4545730bfe668680bca05e555f3", size = 2317139 },
    { url = "https://files.pythonhosted.org/packages/d9/37/f913f81a657c865b75da6c0dbed79876073c2a43b5bd9edbe8da785e4d49/pydantic_core-2.46.4-cp311-cp311-musllinux_1_1_x86_64.whl", hash = "sha256:a0f62d0a58f4e7da165457e995725421e0064f2255d8eccebc49f41bbc23b109", size = 2360433 },
    { url = "https://files.pythonhosted.org/packages/c4/67/6acaa1be2567f9256b056d8477158cac7240813956ce86e49deae8e173b4/pydantic_core-2.46.4-cp311-cp311-win32.whl", hash = "sha256:041bde0a48fd37cf71cab1c9d56d3e8625a3793fef1f7dd232b3ff37e978ecda", size = 1985513 },
    { url = "https://files.pythonhosted.org/packages/aa/e6/c505f83dfeda9a2e5c995cfd872949e4d05e12f7feb3dca72f633daefa94/pydantic_core-2.46.4-cp311-cp311-win_amd64.whl", hash = "sha256:6f2eeda33a839975441c86a4119e1383c50b47faf0cbb5176985565c6bb02c33", size = 2071114 },
    { url = "https://files.pythonhosted.org/packages/0f/da/7a263a96d965d9d0df5e8de8a475f33495451117035b09acb110288c381f/pydantic_core-2.46.4-cp311-cp311-win_arm64.whl", hash = "sha256:14f4c5d6db102bd796a627bbb3a17b4cf4574b9ae861d8b7c9a9661c6dd3362d", size = 2044298 },
    { url = "https://files.pythonhosted.org/packages/ce/8c/af022f0af448d7747c5154288d46b5f2bc5f17366eaa0e23e9aa04d59f3b/pydantic_core-2.46.4-cp312-cp312-macosx_10_12_x86_64.whl", hash = "sha256:3245406455a5d98187ec35530fd772b1d799b26667980872c8d4614991e2c4a2", size = 2106158 },
    { url = "https://files.pythonhosted.org/packages/19/95/6195171e385007300f0f5574592e467c568becce2d937a0b6804f218bc49/pydantic_core-2.46.4-cp312-cp312-macosx_11_0_arm64.whl", hash = "sha256:962ccbab7b642487b1d8b7df90ef677e03134cf1fd8880bf698649b22a69371f", size = 1951724 },
    { url = "https://files.pythonhosted.org/packages/8e/bc/f47d1ff9cbb1620e1b5b697eef06010035735f07820180e74178226b27b3/pydantic_core-2.46.4-cp312-cp312-manylinux_2_17_aarch64.manylinux2014_aarch64.whl", hash = "sha256:8233f2947cf85404441fd7e0085f53b10c93e0ee78611099b5c7237e36aacbf7", size = 1975742 },
    { url = "https://files.pythonhosted.org/packages/5b/11/9b9a5b0306345664a2da6410877af6e8082481b5884b3ddd78d47c6013ce/pydantic_core-2.46.4-cp312-cp312-manylinux_2_17_armv7l.manylinux2014_armv7l.whl", hash = "sha256:3a233125ac121aa3ffba9a2b59edfc4a985a76092dc8279586ab4b71390875e7", size = 2052418 },
    { url = "https://files.pythonhosted.org/packages/f1/b7/a65fec226f5d78fc39f4a13c4cc0c768c22b113438f60c14adc9d2865038/pydantic_core-2.46.4-cp312-cp312-manylinux_2_17_ppc64le.manylinux2014_ppc64le.whl", hash = "sha256:5b712b53160b79a5850310b912a5ef8e57e56947c8ad690c227f5c9d7e561712", size = 2232274 },
    { url = "https://files.pythonhosted.org/packages/68/f0/92039db98b907ef49269a8271f67db9cb78ae2fc68062ef7e4e77adb5f61/pydantic_core-2.46.4-cp312-cp312-manylinux_2_17_s390x.manylinux2014_s390x.whl", hash = "sha256:9401557acd873c3a7f3eb9383edef8ac4968f9510e340f4808d427e75667e7b4", size = 2309940 },
    { url = "https://files.pythonhosted.org/packages/5f/97/2aab507d3d00ca626e8e57c1eac6a79e4e5fbcc63eb99733ff55d1717f65/pydantic_core-2.46.4-cp312-cp312-manylinux_2_17_x86_64.manylinux2014_x86_64.whl", hash = "sha256:926c9541b14b12b1681dca8a0b75feb510b06c6341b70a8e500c2fdcff837cce", size = 2094516 },
    { url = "https://files.pythonhosted.org/packages/22/37/a8aca44d40d737dde2bc05b3c6c07dff0de07ce6f82e9f3167aeaf4d5dea/pydantic_core-2.46.4-cp312-cp312-manylinux_2_31_riscv64.whl", hash = "sha256:56cb4851bcaf3d117eddcef4fe66afd750a50274b0da8e22be256d10e5611987", size = 2136854 },
    { url = "https://files.pythonhosted.org/packages/24/99/fcef1b79238c06a8cbec70819ac722ba76e02bc8ada9b0fd66eba40da01b/pydantic_core-2.46.4-cp312-cp312-manylinux_2_5_i686.manylinux1_i686.whl", hash = "sha256:c68fcd102d71ea85c5b2dfac3f4f8476eff42a9e078fd5faefff6d145063536b", size = 2180306 },
    { url = "https://files.pythonhosted.org/packages/ae/6c/fc44000918855b42779d007ae63b0532794739027b2f417321cddbc44f6a/pydantic_core-2.46.4-cp312-cp312-musllinux_1_1_aarch64.whl", hash = "sha256:b2f69dec1725e79a012d920df1707de5caf7ed5e08f3be4435e25803efc47458", size = 2190044 },
    { url = "https://files.pythonhosted.org/packages/6b/65/d9cadc9f1920d7a127ad2edba16c1db7916e59719285cd6c94600b0080ba/pydantic_core-2.46.4-cp312-cp312-musllinux_1_1_armv7l.whl", hash = "sha256:8d0820e8192167f80d88d64038e609c31452eeca865b4e1d9950a27a4609b00b", size = 2329133 },
    { url = "https://files.pythonhosted.org/packages/d0/cf/c873d91679f3a30bcf5e7ac280ce5573483e72295307685120d0d5ad3416/pydantic_core-2.46.4-cp312-cp312-musllinux_1_1_x86_64.whl", hash = "sha256:fbdb89b3e1c94a30cc5edfce477c6e6a5dc4d8f84665b455c27582f211a1c72c", size = 2374464 },
    { url = "https://files.pythonhosted.org/packages/47/bd/6f2fc8188f31bf10590f1e98e7b306336161fac930a8c514cd7bd828c7dc/pydantic_core-2.46.4-cp312-cp312-win32.whl", hash = "sha256:9aa768456404a8bf48a4406685ac2bec8e72b62c69313734fa3b73cf33b3a894", size = 1974823 },
    { url = "https://files.pythonhosted.org/packages/40/8c/985c1d41ea1107c2534abd9870e4ed5c8e7669b5c308297835c001e7a1c4/pydantic_core-2.46.4-cp312-cp312-win_amd64.whl", hash = "sha256:e9c26f834c65f5752f3f06cb08cb86a913ceb7274d0db6e267808a708b46bc89", size = 2072919 },
    { url = "https://files.pythonhosted.org/packages/c4/ba/f463d006e0c47373ca7ec5e1a261c59dc01ef4d62b2657af925fb0deee3a/pydantic_core-2.46.4-cp312-cp312-win_arm64.whl", hash = "sha256:4fc73cb559bdb54b1134a706a2802a4cddd27a0633f5abb7e53056268751ac6a", size = 2027604 },
    { url = "https://files.pythonhosted.org/packages/11/cb/428de0385b6c8d44b716feba566abfacfbd23ee3c4439faa789a1456242f/pydantic_core-2.46.4-pp311-pypy311_pp73-macosx_10_12_x86_64.whl", hash = "sha256:0c563b08bca408dc7f65f700633d8442fffb2421fc47b8101377e9fd65051ff0", size = 2112782 },
    { url = "https://files.pythonhosted.org/packages/0b/b5/6a17bdadd0fc1f170adfd05a20d37c832f52b117b4d9131da1f41bb097ce/pydantic_core-2.46.4-pp311-pypy311_pp73-macosx_11_0_arm64.whl", hash = "sha256:db06ffe51636ffe9ca531fe9023dd64bdd794be8754cb5df57c5498ae5b518a7", size = 1952146 },
    { url = "https://files.pythonhosted.org/packages/2a/dc/03734d80e362cd43ef65428e9de77c730ce7f2f11c60d2b1e1b39f0fbf99/pydantic_core-2.46.4-pp311-pypy311_pp73-manylinux_2_17_x86_64.manylinux2014_x86_64.whl", hash = "sha256:133878133d271ade3d41d1bfb2a45ec38dbdbda40bc065921c6b04e4630127e2", size = 2134492 },
    { url = "https://files.pythonhosted.org/packages/de/df/5e5ffc085ed07cc22d298134d3d911c63e91f6a0eb91fe646750a3209910/pydantic_core-2.46.4-pp311-pypy311_pp73-manylinux_2_5_i686.manylinux1_i686.whl", hash = "sha256:9bc519fbf2b7578398853d815009ae5e4d4603d12f4e3f91da8c06852d3da3e9", size = 2156604 },
    { url = "https://files.pythonhosted.org/packages/81/44/6e112a4253e56f5705467cbab7ab5e91ee7398ba3d56d358635958893d3e/pydantic_core-2.46.4-pp311-pypy311_pp73-musllinux_1_1_aarch64.whl", hash = "sha256:c7a7bd4e39e8e4c12c39cd480356842b6a8a06e41b23a55a5e3e191718838ddf", size = 2183828 },
    { url = "https://files.pythonhosted.org/packages/ac/ad/5565071e937d8e752842ac241463944c9eb14c87e2d269f2658a5bd05e98/pydantic_core-2.46.4-pp311-pypy311_pp73-musllinux_1_1_armv7l.whl", hash = "sha256:d396ec2b979760aaf3218e76c24e65bd0aca24983298653b3a9d7a45f9e47b30", size = 2310000 },
    { url = "https://files.pythonhosted.org/packages/4f/c3/66883a5cec183e7fba4d024b4cbbe61851a63750ef606b0afecc46d1f2bf/pydantic_core-2.46.4-pp311-pypy311_pp73-musllinux_1_1_x86_64.whl", hash = "sha256:86e1a4418c6cd97d60c95c71164158eaf7324fae7b0923264016baa993eba6fc", size = 2361286 },
    { url = "https://files.pythonhosted.org/packages/4b/2d/69abac8f838090bbecd5df894befb2c2619e7996a98ddb949db9f3b93225/pydantic_core-2.46.4-pp311-pypy311_pp73-win_amd64.whl", hash = "sha256:d51026d73fcfd93610abc7b27789c26b313920fcfb20e27462d74a7f8b06e983", size = 2193071 },
]

[[package]]
name = "pygments"
version = "2.20.0"
source = { registry = "https://pypi.org/simple" }
sdist = { url = "https://files.pythonhosted.org/packages/c3/b2/bc9c9196916376152d655522fdcebac55e66de6603a76a02bca1b6414f6c/pygments-2.20.0.tar.gz", hash = "sha256:6757cd03768053ff99f3039c1a36d6c0aa0b263438fcab17520b30a303a82b5f", size = 4955991 }
wheels = [
    { url = "https://files.pythonhosted.org/packages/f4/7e/a72dd26f3b0f4f2bf1dd8923c85f7ceb43172af56d63c7383eb62b332364/pygments-2.20.0-py3-none-any.whl", hash = "sha256:81a9e26dd42fd28a23a2d169d86d7ac03b46e2f8b59ed4698fb4785f946d0176", size = 1231151 },
]

[[package]]
name = "pytest"
version = "8.4.2"
source = { registry = "https://pypi.org/simple" }
dependencies = [
    { name = "colorama", marker = "sys_platform == 'win32'" },
    { name = "iniconfig" },
    { name = "packaging" },
    { name = "pluggy" },
    { name = "pygments" },
]
sdist = { url = "https://files.pythonhosted.org/packages/a3/5c/00a0e072241553e1a7496d638deababa67c5058571567b92a7eaa258397c/pytest-8.4.2.tar.gz", hash = "sha256:86c0d0b93306b961d58d62a4db4879f27fe25513d4b969df351abdddb3c30e01", size = 1519618 }
wheels = [
    { url = "https://files.pythonhosted.org/packages/a8/a4/20da314d277121d6534b3a980b29035dcd51e6744bd79075a6ce8fa4eb8d/pytest-8.4.2-py3-none-any.whl", hash = "sha256:872f880de3fc3a5bdc88a11b39c9710c3497a547cfa9320bc3c5e62fbf272e79", size = 365750 },
]

[[package]]
name = "pytest-cov"
version = "6.3.0"
source = { registry = "https://pypi.org/simple" }
dependencies = [
    { name = "coverage", extra = ["toml"] },
    { name = "pluggy" },
    { name = "pytest" },
]
sdist = { url = "https://files.pythonhosted.org/packages/30/4c/f883ab8f0daad69f47efdf95f55a66b51a8b939c430dadce0611508d9e99/pytest_cov-6.3.0.tar.gz", hash = "sha256:35c580e7800f87ce892e687461166e1ac2bcb8fb9e13aea79032518d6e503ff2", size = 70398 }
wheels = [
    { url = "https://files.pythonhosted.org/packages/80/b4/bb7263e12aade3842b938bc5c6958cae79c5ee18992f9b9349019579da0f/pytest_cov-6.3.0-py3-none-any.whl", hash = "sha256:440db28156d2468cafc0415b4f8e50856a0d11faefa38f30906048fe490f1749", size = 25115 },
]

[[package]]
name = "tomli"
version = "2.4.1"
source = { registry = "https://pypi.org/simple" }
sdist = { url = "https://files.pythonhosted.org/packages/22/de/48c59722572767841493b26183a0d1cc411d54fd759c5607c4590b6563a6/tomli-2.4.1.tar.gz", hash = "sha256:7c7e1a961a0b2f2472c1ac5b69affa0ae1132c39adcb67aba98568702b9cc23f", size = 17543 }
wheels = [
    { url = "https://files.pythonhosted.org/packages/f4/11/db3d5885d8528263d8adc260bb2d28ebf1270b96e98f0e0268d32b8d9900/tomli-2.4.1-cp311-cp311-macosx_10_9_x86_64.whl", hash = "sha256:f8f0fc26ec2cc2b965b7a3b87cd19c5c6b8c5e5f436b984e85f486d652285c30", size = 154704 },
    { url = "https://files.pythonhosted.org/packages/6d/f7/675db52c7e46064a9aa928885a9b20f4124ecb9bc2e1ce74c9106648d202/tomli-2.4.1-cp311-cp311-macosx_11_0_arm64.whl", hash = "sha256:4ab97e64ccda8756376892c53a72bd1f964e519c77236368527f758fbc36a53a", size = 149454 },
    { url = "https://files.pythonhosted.org/packages/61/71/81c50943cf953efa35bce7646caab3cf457a7d8c030b27cfb40d7235f9ee/tomli-2.4.1-cp311-cp311-manylinux2014_aarch64.manylinux_2_17_aarch64.manylinux_2_28_aarch64.whl", hash = "sha256:96481a5786729fd470164b47cdb3e0e58062a496f455ee41b4403be77cb5a076", size = 237561 },
    { url = "https://files.pythonhosted.org/packages/48/c1/f41d9cb618acccca7df82aaf682f9b49013c9397212cb9f53219e3abac37/tomli-2.4.1-cp311-cp311-manylinux2014_x86_64.manylinux_2_17_x86_64.manylinux_2_28_x86_64.whl", hash = "sha256:5a881ab208c0baf688221f8cecc5401bd291d67e38a1ac884d6736cbcd8247e9", size = 243824 },
    { url = "https://files.pythonhosted.org/packages/22/e4/5a816ecdd1f8ca51fb756ef684b90f2780afc52fc67f987e3c61d800a46d/tomli-2.4.1-cp311-cp311-musllinux_1_2_aarch64.whl", hash = "sha256:47149d5bd38761ac8be13a84864bf0b7b70bc051806bc3669ab1cbc56216b23c", size = 242227 },
    { url = "https://files.pythonhosted.org/packages/6b/49/2b2a0ef529aa6eec245d25f0c703e020a73955ad7edf73e7f54ddc608aa5/tomli-2.4.1-cp311-cp311-musllinux_1_2_x86_64.whl", hash = "sha256:ec9bfaf3ad2df51ace80688143a6a4ebc09a248f6ff781a9945e51937008fcbc", size = 247859 },
    { url = "https://files.pythonhosted.org/packages/83/bd/6c1a630eaca337e1e78c5903104f831bda934c426f9231429396ce3c3467/tomli-2.4.1-cp311-cp311-win32.whl", hash = "sha256:ff2983983d34813c1aeb0fa89091e76c3a22889ee83ab27c5eeb45100560c049", size = 97204 },
    { url = "https://files.pythonhosted.org/packages/42/59/71461df1a885647e10b6bb7802d0b8e66480c61f3f43079e0dcd315b3954/tomli-2.4.1-cp311-cp311-win_amd64.whl", hash = "sha256:5ee18d9ebdb417e384b58fe414e8d6af9f4e7a0ae761519fb50f721de398dd4e", size = 108084 },
    { url = "https://files.pythonhosted.org/packages/b8/83/dceca96142499c069475b790e7913b1044c1a4337e700751f48ed723f883/tomli-2.4.1-cp311-cp311-win_arm64.whl", hash = "sha256:c2541745709bad0264b7d4705ad453b76ccd191e64aa6f0fc66b69a293a45ece", size = 95285 },
    { url = "https://files.pythonhosted.org/packages/c1/ba/42f134a3fe2b370f555f44b1d72feebb94debcab01676bf918d0cb70e9aa/tomli-2.4.1-cp312-cp312-macosx_10_13_x86_64.whl", hash = "sha256:c742f741d58a28940ce01d58f0ab2ea3ced8b12402f162f4d534dfe18ba1cd6a", size = 155924 },
    { url = "https://files.pythonhosted.org/packages/dc/c7/62d7a17c26487ade21c5422b646110f2162f1fcc95980ef7f63e73c68f14/tomli-2.4.1-cp312-cp312-macosx_11_0_arm64.whl", hash = "sha256:7f86fd587c4ed9dd76f318225e7d9b29cfc5a9d43de44e5754db8d1128487085", size = 150018 },
    { url = "https://files.pythonhosted.org/packages/5c/05/79d13d7c15f13bdef410bdd49a6485b1c37d28968314eabee452c22a7fda/tomli-2.4.1-cp312-cp312-manylinux2014_aarch64.manylinux_2_17_aarch64.manylinux_2_28_aarch64.whl", hash = "sha256:ff18e6a727ee0ab0388507b89d1bc6a22b138d1e2fa56d1ad494586d61d2eae9", size = 244948 },
    { url = "https://files.pythonhosted.org/packages/10/90/d62ce007a1c80d0b2c93e02cab211224756240884751b94ca72df8a875ca/tomli-2.4.1-cp312-cp312-manylinux2014_x86_64.manylinux_2_17_x86_64.manylinux_2_28_x86_64.whl", hash = "sha256:136443dbd7e1dee43c68ac2694fde36b2849865fa258d39bf822c10e8068eac5", size = 253341 },
    { url = "https://files.pythonhosted.org/packages/1a/7e/caf6496d60152ad4ed09282c1885cca4eea150bfd007da84aea07bcc0a3e/tomli-2.4.1-cp312-cp312-musllinux_1_2_aarch64.whl", hash = "sha256:5e262d41726bc187e69af7825504c933b6794dc3fbd5945e41a79bb14c31f585", size = 248159 },
    { url = "https://files.pythonhosted.org/packages/99/e7/c6f69c3120de34bbd882c6fba7975f3d7a746e9218e56ab46a1bc4b42552/tomli-2.4.1-cp312-cp312-musllinux_1_2_x86_64.whl", hash = "sha256:5cb41aa38891e073ee49d55fbc7839cfdb2bc0e600add13874d048c94aadddd1", size = 253290 },
    { url = "https://files.pythonhosted.org/packages/d6/2f/4a3c322f22c5c66c4b836ec58211641a4067364f5dcdd7b974b4c5da300c/tomli-2.4.1-cp312-cp312-win32.whl", hash = "sha256:da25dc3563bff5965356133435b757a795a17b17d01dbc0f42fb32447ddfd917", size = 98141 },
    { url = "https://files.pythonhosted.org/packages/24/22/4daacd05391b92c55759d55eaee21e1dfaea86ce5c571f10083360adf534/tomli-2.4.1-cp312-cp312-win_amd64.whl", hash = "sha256:52c8ef851d9a240f11a88c003eacb03c31fc1c9c4ec64a99a0f922b93874fda9", size = 108847 },
    { url = "https://files.pythonhosted.org/packages/68/fd/70e768887666ddd9e9f5d85129e84910f2db2796f9096aa02b721a53098d/tomli-2.4.1-cp312-cp312-win_arm64.whl", hash = "sha256:f758f1b9299d059cc3f6546ae2af89670cb1c4d48ea29c3cacc4fe7de3058257", size = 95088 },
    { url = "https://files.pythonhosted.org/packages/7b/61/cceae43728b7de99d9b847560c262873a1f6c98202171fd5ed62640b494b/tomli-2.4.1-py3-none-any.whl", hash = "sha256:0d85819802132122da43cb86656f8d1f8c6587d54ae7dcaf30e90533028b49fe", size = 14583 },
]

[[package]]
name = "typing-extensions"
version = "4.16.0"
source = { registry = "https://pypi.org/simple" }
sdist = { url = "https://files.pythonhosted.org/packages/f6/cc/6253133b5bb138fc3306cebfbda2c520f545d36b5be2c7255cc528bb45d6/typing_extensions-4.16.0.tar.gz", hash = "sha256:dc983d19a509c94dba722ee6abd33940f7c05a89e243c47e907eb4db6f1a43e5", size = 113555 }
wheels = [
    { url = "https://files.pythonhosted.org/packages/49/d3/b8441a820a491ddfc024b0b0cf0393375b75ea13866d9c66727e54c2fc80/typing_extensions-4.16.0-py3-none-any.whl", hash = "sha256:481caa481374e813c1b176ada14e97f1f67a4539ce9cfeb3f350d78d6370c2e8", size = 45571 },
]

[[package]]
name = "typing-inspection"
version = "0.4.2"
source = { registry = "https://pypi.org/simple" }
dependencies = [
    { name = "typing-extensions" },
]
sdist = { url = "https://files.pythonhosted.org/packages/55/e3/70399cb7dd41c10ac53367ae42139cf4b1ca5f36bb3dc6c9d33acdb43655/typing_inspection-0.4.2.tar.gz", hash = "sha256:ba561c48a67c5958007083d386c3295464928b01faa735ab8547c5692e87f464", size = 75949 }
wheels = [
    { url = "https://files.pythonhosted.org/packages/dc/9b/47798a6c91d8bdb567fe2698fe81e0c6b7cb7ef4d13da4114b41d239f65d/typing_inspection-0.4.2-py3-none-any.whl", hash = "sha256:4ed1cacbdc298c220f1bd249ed5287caa16f34d44ef4e9c3d0cbad5b521545e7", size = 14611 },
]

[[package]]
name = "video-generator"
version = "0.1.0"
source = { editable = "." }
dependencies = [
    { name = "pydantic" },
]

[package.optional-dependencies]
dev = [
    { name = "pytest" },
    { name = "pytest-cov" },
]

[package.metadata]
requires-dist = [
    { name = "pydantic", specifier = ">=2.11,<3" },
    { name = "pytest", marker = "extra == 'dev'", specifier = ">=8.3,<9" },
    { name = "pytest-cov", marker = "extra == 'dev'", specifier = ">=6,<7" },
]
provides-extras = ["dev"]
